
Microsoft Visual Studio Solution File, Format Version 12.00
# Visual Studio Version 17
VisualStudioVersion = 17.0.32112.339
MinimumVisualStudioVersion = 10.0.40219.1
Project("{FAE04EC0-301F-11D3-BF4B-00C04F79EFBC}") = "playGame2", "playGame2\playGame2.csproj", "{8EB258C7-6506-43F7-9EA0-D51D2FD50BD1}"
EndProject
Global
	GlobalSection(SolutionConfigurationPlatforms) = preSolution
		Debug|Any CPU = Debug|Any CPU
		Release|Any CPU = Release|Any CPU
	EndGlobalSection
	GlobalSection(ProjectConfigurationPlatforms) = postSolution
		{8EB258C7-6506-43F7-9EA0-D51D2FD50BD1}.Debug|Any CPU.ActiveCfg = Debug|Any CPU
		{8EB258C7-6506-43F7-9EA0-D51D2FD50BD1}.Debug|Any CPU.Build.0 = Debug|Any CPU
		{8EB258C7-6506-43F7-9EA0-D51D2FD50BD1}.Release|Any CPU.ActiveCfg = Release|Any CPU
		{8EB258C7-6506-43F7-9EA0-D51D2FD50BD1}.Release|Any CPU.Build.0 = Release|Any CPU
	EndGlobalSection
	GlobalSection(SolutionProperties) = preSolution
		HideSolutionNode = FALSE
	EndGlobalSection
	GlobalSection(ExtensibilityGlobals) = postSolution
		SolutionGuid = {5D5141EA-D5F4-4634-B5C4-B1880B430DDF}
	EndGlobalSection
EndGlobal
